
Microsoft Visual Studio Solution File, Format Version 12.00
# Visual Studio Version 17
VisualStudioVersion = 17.9.34616.47
MinimumVisualStudioVersion = 10.0.40219.1
Project("{FAE04EC0-301F-11D3-BF4B-00C04F79EFBC}") = "TaskClass2", "TaskClass2\TaskClass2.csproj", "{11F4D1A3-F077-471F-8354-043FA869608D}"
EndProject
Global
	GlobalSection(SolutionConfigurationPlatforms) = preSolution
		Debug|Any CPU = Debug|Any CPU
		Release|Any CPU = Release|Any CPU
	EndGlobalSection
	GlobalSection(ProjectConfigurationPlatforms) = postSolution
		{11F4D1A3-F077-471F-8354-043FA869608D}.Debug|Any CPU.ActiveCfg = Debug|Any CPU
		{11F4D1A3-F077-471F-8354-043FA869608D}.Debug|Any CPU.Build.0 = Debug|Any CPU
		{11F4D1A3-F077-471F-8354-043FA869608D}.Debug|Any CPU.Deploy.0 = Debug|Any CPU
		{11F4D1A3-F077-471F-8354-043FA869608D}.Release|Any CPU.ActiveCfg = Release|Any CPU
		{11F4D1A3-F077-471F-8354-043FA869608D}.Release|Any CPU.Build.0 = Release|Any CPU
		{11F4D1A3-F077-471F-8354-043FA869608D}.Release|Any CPU.Deploy.0 = Release|Any CPU
	EndGlobalSection
	GlobalSection(SolutionProperties) = preSolution
		HideSolutionNode = FALSE
	EndGlobalSection
	GlobalSection(ExtensibilityGlobals) = postSolution
		SolutionGuid = {5613D612-472B-4F87-9A51-7228480EC2D6}
	EndGlobalSection
EndGlobal
