
Microsoft Visual Studio Solution File, Format Version 12.00
# Visual Studio Version 17
VisualStudioVersion = 17.8.34525.116
MinimumVisualStudioVersion = 10.0.40219.1
Project("{FAE04EC0-301F-11D3-BF4B-00C04F79EFBC}") = "NewsPublisherSubscriberExample", "NewsPublisherSubscriberExample\NewsPublisherSubscriberExample.csproj", "{184C8E9D-7B1A-41D7-8BA1-0B5032658755}"
EndProject
Global
	GlobalSection(SolutionConfigurationPlatforms) = preSolution
		Debug|Any CPU = Debug|Any CPU
		Release|Any CPU = Release|Any CPU
	EndGlobalSection
	GlobalSection(ProjectConfigurationPlatforms) = postSolution
		{184C8E9D-7B1A-41D7-8BA1-0B5032658755}.Debug|Any CPU.ActiveCfg = Debug|Any CPU
		{184C8E9D-7B1A-41D7-8BA1-0B5032658755}.Debug|Any CPU.Build.0 = Debug|Any CPU
		{184C8E9D-7B1A-41D7-8BA1-0B5032658755}.Debug|Any CPU.Deploy.0 = Debug|Any CPU
		{184C8E9D-7B1A-41D7-8BA1-0B5032658755}.Release|Any CPU.ActiveCfg = Release|Any CPU
		{184C8E9D-7B1A-41D7-8BA1-0B5032658755}.Release|Any CPU.Build.0 = Release|Any CPU
		{184C8E9D-7B1A-41D7-8BA1-0B5032658755}.Release|Any CPU.Deploy.0 = Release|Any CPU
	EndGlobalSection
	GlobalSection(SolutionProperties) = preSolution
		HideSolutionNode = FALSE
	EndGlobalSection
	GlobalSection(ExtensibilityGlobals) = postSolution
		SolutionGuid = {8850BFEC-ED0C-42C5-BDBB-F0A2D7B1564C}
	EndGlobalSection
EndGlobal
