
Microsoft Visual Studio Solution File, Format Version 12.00
# Visual Studio Version 17
VisualStudioVersion = 17.9.34607.119
MinimumVisualStudioVersion = 10.0.40219.1
Project("{FAE04EC0-301F-11D3-BF4B-00C04F79EFBC}") = "ConAtt", "ConAtt\ConAtt.csproj", "{9F642FB7-5E6C-44AC-94A7-AF6B2C052F7A}"
EndProject
Global
	GlobalSection(SolutionConfigurationPlatforms) = preSolution
		Debug|Any CPU = Debug|Any CPU
		Release|Any CPU = Release|Any CPU
	EndGlobalSection
	GlobalSection(ProjectConfigurationPlatforms) = postSolution
		{9F642FB7-5E6C-44AC-94A7-AF6B2C052F7A}.Debug|Any CPU.ActiveCfg = Debug|Any CPU
		{9F642FB7-5E6C-44AC-94A7-AF6B2C052F7A}.Debug|Any CPU.Build.0 = Debug|Any CPU
		{9F642FB7-5E6C-44AC-94A7-AF6B2C052F7A}.Debug|Any CPU.Deploy.0 = Debug|Any CPU
		{9F642FB7-5E6C-44AC-94A7-AF6B2C052F7A}.Release|Any CPU.ActiveCfg = Release|Any CPU
		{9F642FB7-5E6C-44AC-94A7-AF6B2C052F7A}.Release|Any CPU.Build.0 = Release|Any CPU
		{9F642FB7-5E6C-44AC-94A7-AF6B2C052F7A}.Release|Any CPU.Deploy.0 = Release|Any CPU
	EndGlobalSection
	GlobalSection(SolutionProperties) = preSolution
		HideSolutionNode = FALSE
	EndGlobalSection
	GlobalSection(ExtensibilityGlobals) = postSolution
		SolutionGuid = {0DF31975-71E9-42AF-8DFD-3B8C2CF46B54}
	EndGlobalSection
EndGlobal
