
Microsoft Visual Studio Solution File, Format Version 12.00
# Visual Studio Version 17
VisualStudioVersion = 17.9.34607.119
MinimumVisualStudioVersion = 10.0.40219.1
Project("{FAE04EC0-301F-11D3-BF4B-00C04F79EFBC}") = "JsonSerialization", "JsonSerialization\JsonSerialization.csproj", "{4CC84397-6E3E-46B4-B8FD-5EF070623923}"
EndProject
Global
	GlobalSection(SolutionConfigurationPlatforms) = preSolution
		Debug|Any CPU = Debug|Any CPU
		Release|Any CPU = Release|Any CPU
	EndGlobalSection
	GlobalSection(ProjectConfigurationPlatforms) = postSolution
		{4CC84397-6E3E-46B4-B8FD-5EF070623923}.Debug|Any CPU.ActiveCfg = Debug|Any CPU
		{4CC84397-6E3E-46B4-B8FD-5EF070623923}.Debug|Any CPU.Build.0 = Debug|Any CPU
		{4CC84397-6E3E-46B4-B8FD-5EF070623923}.Debug|Any CPU.Deploy.0 = Debug|Any CPU
		{4CC84397-6E3E-46B4-B8FD-5EF070623923}.Release|Any CPU.ActiveCfg = Release|Any CPU
		{4CC84397-6E3E-46B4-B8FD-5EF070623923}.Release|Any CPU.Build.0 = Release|Any CPU
		{4CC84397-6E3E-46B4-B8FD-5EF070623923}.Release|Any CPU.Deploy.0 = Release|Any CPU
	EndGlobalSection
	GlobalSection(SolutionProperties) = preSolution
		HideSolutionNode = FALSE
	EndGlobalSection
	GlobalSection(ExtensibilityGlobals) = postSolution
		SolutionGuid = {52B6E5AF-B822-4306-87C6-C32DD983D399}
	EndGlobalSection
EndGlobal
