
Microsoft Visual Studio Solution File, Format Version 12.00
# Visual Studio Version 17
VisualStudioVersion = 17.9.34607.119
MinimumVisualStudioVersion = 10.0.40219.1
Project("{FAE04EC0-301F-11D3-BF4B-00C04F79EFBC}") = "SstringBuilderr", "SstringBuilderr\SstringBuilderr.csproj", "{98A895B6-8D1E-4EA9-8BD2-E623D78660CB}"
EndProject
Global
	GlobalSection(SolutionConfigurationPlatforms) = preSolution
		Debug|Any CPU = Debug|Any CPU
		Release|Any CPU = Release|Any CPU
	EndGlobalSection
	GlobalSection(ProjectConfigurationPlatforms) = postSolution
		{98A895B6-8D1E-4EA9-8BD2-E623D78660CB}.Debug|Any CPU.ActiveCfg = Debug|Any CPU
		{98A895B6-8D1E-4EA9-8BD2-E623D78660CB}.Debug|Any CPU.Build.0 = Debug|Any CPU
		{98A895B6-8D1E-4EA9-8BD2-E623D78660CB}.Debug|Any CPU.Deploy.0 = Debug|Any CPU
		{98A895B6-8D1E-4EA9-8BD2-E623D78660CB}.Release|Any CPU.ActiveCfg = Release|Any CPU
		{98A895B6-8D1E-4EA9-8BD2-E623D78660CB}.Release|Any CPU.Build.0 = Release|Any CPU
		{98A895B6-8D1E-4EA9-8BD2-E623D78660CB}.Release|Any CPU.Deploy.0 = Release|Any CPU
	EndGlobalSection
	GlobalSection(SolutionProperties) = preSolution
		HideSolutionNode = FALSE
	EndGlobalSection
	GlobalSection(ExtensibilityGlobals) = postSolution
		SolutionGuid = {805F1700-C2DA-4F64-9F06-2A66429293DF}
	EndGlobalSection
EndGlobal
