
Microsoft Visual Studio Solution File, Format Version 12.00
# Visual Studio Version 17
VisualStudioVersion = 17.9.34607.119
MinimumVisualStudioVersion = 10.0.40219.1
Project("{FAE04EC0-301F-11D3-BF4B-00C04F79EFBC}") = "BinarySerialize", "BinarySerialize\BinarySerialize.csproj", "{8F33E8CF-15B6-48E9-818F-B016824E274B}"
EndProject
Global
	GlobalSection(SolutionConfigurationPlatforms) = preSolution
		Debug|Any CPU = Debug|Any CPU
		Release|Any CPU = Release|Any CPU
	EndGlobalSection
	GlobalSection(ProjectConfigurationPlatforms) = postSolution
		{8F33E8CF-15B6-48E9-818F-B016824E274B}.Debug|Any CPU.ActiveCfg = Debug|Any CPU
		{8F33E8CF-15B6-48E9-818F-B016824E274B}.Debug|Any CPU.Build.0 = Debug|Any CPU
		{8F33E8CF-15B6-48E9-818F-B016824E274B}.Debug|Any CPU.Deploy.0 = Debug|Any CPU
		{8F33E8CF-15B6-48E9-818F-B016824E274B}.Release|Any CPU.ActiveCfg = Release|Any CPU
		{8F33E8CF-15B6-48E9-818F-B016824E274B}.Release|Any CPU.Build.0 = Release|Any CPU
		{8F33E8CF-15B6-48E9-818F-B016824E274B}.Release|Any CPU.Deploy.0 = Release|Any CPU
	EndGlobalSection
	GlobalSection(SolutionProperties) = preSolution
		HideSolutionNode = FALSE
	EndGlobalSection
	GlobalSection(ExtensibilityGlobals) = postSolution
		SolutionGuid = {B10D7DB5-B036-4DC0-99FF-D1BF818BD2E3}
	EndGlobalSection
EndGlobal
