
Microsoft Visual Studio Solution File, Format Version 12.00
# Visual Studio Version 17
VisualStudioVersion = 17.9.34607.119
MinimumVisualStudioVersion = 10.0.40219.1
Project("{FAE04EC0-301F-11D3-BF4B-00C04F79EFBC}") = "LoggingExample", "LoggingExample\LoggingExample.csproj", "{6814E713-582C-4608-98AE-5D348472328E}"
EndProject
Global
	GlobalSection(SolutionConfigurationPlatforms) = preSolution
		Debug|Any CPU = Debug|Any CPU
		Release|Any CPU = Release|Any CPU
	EndGlobalSection
	GlobalSection(ProjectConfigurationPlatforms) = postSolution
		{6814E713-582C-4608-98AE-5D348472328E}.Debug|Any CPU.ActiveCfg = Debug|Any CPU
		{6814E713-582C-4608-98AE-5D348472328E}.Debug|Any CPU.Build.0 = Debug|Any CPU
		{6814E713-582C-4608-98AE-5D348472328E}.Debug|Any CPU.Deploy.0 = Debug|Any CPU
		{6814E713-582C-4608-98AE-5D348472328E}.Release|Any CPU.ActiveCfg = Release|Any CPU
		{6814E713-582C-4608-98AE-5D348472328E}.Release|Any CPU.Build.0 = Release|Any CPU
		{6814E713-582C-4608-98AE-5D348472328E}.Release|Any CPU.Deploy.0 = Release|Any CPU
	EndGlobalSection
	GlobalSection(SolutionProperties) = preSolution
		HideSolutionNode = FALSE
	EndGlobalSection
	GlobalSection(ExtensibilityGlobals) = postSolution
		SolutionGuid = {CB12A4D1-25B6-4B26-9BA9-585ADEF13D8A}
	EndGlobalSection
EndGlobal
