
Microsoft Visual Studio Solution File, Format Version 12.00
# Visual Studio Version 17
VisualStudioVersion = 17.9.34616.47
MinimumVisualStudioVersion = 10.0.40219.1
Project("{FAE04EC0-301F-11D3-BF4B-00C04F79EFBC}") = "OperatorOverloading", "OperatorOverloading\OperatorOverloading.csproj", "{88FE3D7F-7A63-407E-AFE7-00D4AF182E60}"
EndProject
Global
	GlobalSection(SolutionConfigurationPlatforms) = preSolution
		Debug|Any CPU = Debug|Any CPU
		Release|Any CPU = Release|Any CPU
	EndGlobalSection
	GlobalSection(ProjectConfigurationPlatforms) = postSolution
		{88FE3D7F-7A63-407E-AFE7-00D4AF182E60}.Debug|Any CPU.ActiveCfg = Debug|Any CPU
		{88FE3D7F-7A63-407E-AFE7-00D4AF182E60}.Debug|Any CPU.Build.0 = Debug|Any CPU
		{88FE3D7F-7A63-407E-AFE7-00D4AF182E60}.Debug|Any CPU.Deploy.0 = Debug|Any CPU
		{88FE3D7F-7A63-407E-AFE7-00D4AF182E60}.Release|Any CPU.ActiveCfg = Release|Any CPU
		{88FE3D7F-7A63-407E-AFE7-00D4AF182E60}.Release|Any CPU.Build.0 = Release|Any CPU
		{88FE3D7F-7A63-407E-AFE7-00D4AF182E60}.Release|Any CPU.Deploy.0 = Release|Any CPU
	EndGlobalSection
	GlobalSection(SolutionProperties) = preSolution
		HideSolutionNode = FALSE
	EndGlobalSection
	GlobalSection(ExtensibilityGlobals) = postSolution
		SolutionGuid = {F0E60B92-23D9-4266-B134-56561DC581AE}
	EndGlobalSection
EndGlobal
