
Microsoft Visual Studio Solution File, Format Version 12.00
# Visual Studio Version 17
VisualStudioVersion = 17.9.34607.119
MinimumVisualStudioVersion = 10.0.40219.1
Project("{FAE04EC0-301F-11D3-BF4B-00C04F79EFBC}") = "HashingExample", "HashingExample\HashingExample.csproj", "{231F9963-B6DC-4EB9-8E9F-B90C21C988E5}"
EndProject
Global
	GlobalSection(SolutionConfigurationPlatforms) = preSolution
		Debug|Any CPU = Debug|Any CPU
		Release|Any CPU = Release|Any CPU
	EndGlobalSection
	GlobalSection(ProjectConfigurationPlatforms) = postSolution
		{231F9963-B6DC-4EB9-8E9F-B90C21C988E5}.Debug|Any CPU.ActiveCfg = Debug|Any CPU
		{231F9963-B6DC-4EB9-8E9F-B90C21C988E5}.Debug|Any CPU.Build.0 = Debug|Any CPU
		{231F9963-B6DC-4EB9-8E9F-B90C21C988E5}.Debug|Any CPU.Deploy.0 = Debug|Any CPU
		{231F9963-B6DC-4EB9-8E9F-B90C21C988E5}.Release|Any CPU.ActiveCfg = Release|Any CPU
		{231F9963-B6DC-4EB9-8E9F-B90C21C988E5}.Release|Any CPU.Build.0 = Release|Any CPU
		{231F9963-B6DC-4EB9-8E9F-B90C21C988E5}.Release|Any CPU.Deploy.0 = Release|Any CPU
	EndGlobalSection
	GlobalSection(SolutionProperties) = preSolution
		HideSolutionNode = FALSE
	EndGlobalSection
	GlobalSection(ExtensibilityGlobals) = postSolution
		SolutionGuid = {46CD3972-3234-4095-A851-F7B841F48C35}
	EndGlobalSection
EndGlobal
