
Microsoft Visual Studio Solution File, Format Version 12.00
# Visual Studio Version 17
VisualStudioVersion = 17.9.34607.119
MinimumVisualStudioVersion = 10.0.40219.1
Project("{FAE04EC0-301F-11D3-BF4B-00C04F79EFBC}") = "UsingStatement", "UsingStatement\UsingStatement.csproj", "{0FAD658A-DD1D-470D-8F14-5BFB9FEA5A4C}"
EndProject
Global
	GlobalSection(SolutionConfigurationPlatforms) = preSolution
		Debug|Any CPU = Debug|Any CPU
		Release|Any CPU = Release|Any CPU
	EndGlobalSection
	GlobalSection(ProjectConfigurationPlatforms) = postSolution
		{0FAD658A-DD1D-470D-8F14-5BFB9FEA5A4C}.Debug|Any CPU.ActiveCfg = Debug|Any CPU
		{0FAD658A-DD1D-470D-8F14-5BFB9FEA5A4C}.Debug|Any CPU.Build.0 = Debug|Any CPU
		{0FAD658A-DD1D-470D-8F14-5BFB9FEA5A4C}.Debug|Any CPU.Deploy.0 = Debug|Any CPU
		{0FAD658A-DD1D-470D-8F14-5BFB9FEA5A4C}.Release|Any CPU.ActiveCfg = Release|Any CPU
		{0FAD658A-DD1D-470D-8F14-5BFB9FEA5A4C}.Release|Any CPU.Build.0 = Release|Any CPU
		{0FAD658A-DD1D-470D-8F14-5BFB9FEA5A4C}.Release|Any CPU.Deploy.0 = Release|Any CPU
	EndGlobalSection
	GlobalSection(SolutionProperties) = preSolution
		HideSolutionNode = FALSE
	EndGlobalSection
	GlobalSection(ExtensibilityGlobals) = postSolution
		SolutionGuid = {7C105EB1-CBC0-49B3-B394-E1F7B365BAA6}
	EndGlobalSection
EndGlobal
